
Microsoft Visual Studio Solution File, Format Version 12.00
# Visual Studio 15
VisualStudioVersion = 15.0.27703.2047
MinimumVisualStudioVersion = 10.0.40219.1
Project("{9A19103F-16F7-4668-BE54-9A1E7A4F7556}") = "PetClinic", "PetClinic\PetClinic.csproj", "{BB2242A6-42CD-4B05-B201-0DA14F3BFE7A}"
EndProject
Global
	GlobalSection(SolutionConfigurationPlatforms) = preSolution
		Debug|Any CPU = Debug|Any CPU
		Release|Any CPU = Release|Any CPU
	EndGlobalSection
	GlobalSection(ProjectConfigurationPlatforms) = postSolution
		{BB2242A6-42CD-4B05-B201-0DA14F3BFE7A}.Debug|Any CPU.ActiveCfg = Debug|Any CPU
		{BB2242A6-42CD-4B05-B201-0DA14F3BFE7A}.Debug|Any CPU.Build.0 = Debug|Any CPU
		{BB2242A6-42CD-4B05-B201-0DA14F3BFE7A}.Release|Any CPU.ActiveCfg = Release|Any CPU
		{BB2242A6-42CD-4B05-B201-0DA14F3BFE7A}.Release|Any CPU.Build.0 = Release|Any CPU
	EndGlobalSection
	GlobalSection(SolutionProperties) = preSolution
		HideSolutionNode = FALSE
	EndGlobalSection
	GlobalSection(ExtensibilityGlobals) = postSolution
		SolutionGuid = {A383EC9D-C875-4DDB-A65E-E111673432C0}
	EndGlobalSection
EndGlobal
