
Microsoft Visual Studio Solution File, Format Version 12.00
# Visual Studio 15
VisualStudioVersion = 15.0.27703.2042
MinimumVisualStudioVersion = 10.0.40219.1
Project("{9A19103F-16F7-4668-BE54-9A1E7A4F7556}") = "BookShop", "BookShop\BookShop.csproj", "{1DF8C0F5-05DC-4308-B985-33284FAB2EB7}"
EndProject
Project("{9A19103F-16F7-4668-BE54-9A1E7A4F7556}") = "BookShop.Data", "BookShop.Data\BookShop.Data.csproj", "{A2490C0A-F714-4DA1-85B8-3A861CD948CE}"
EndProject
Project("{9A19103F-16F7-4668-BE54-9A1E7A4F7556}") = "BookShop.Models", "BookShop.Models\BookShop.Models.csproj", "{5D2A1565-1DFF-4BDD-BAF3-96DCBD719850}"
EndProject
Project("{9A19103F-16F7-4668-BE54-9A1E7A4F7556}") = "BookShop.Initializer", "BookShop.Initializer\BookShop.Initializer.csproj", "{BDEF01F4-9132-4320-85D3-1C9585E9A287}"
EndProject
Global
	GlobalSection(SolutionConfigurationPlatforms) = preSolution
		Debug|Any CPU = Debug|Any CPU
		Release|Any CPU = Release|Any CPU
	EndGlobalSection
	GlobalSection(ProjectConfigurationPlatforms) = postSolution
		{1DF8C0F5-05DC-4308-B985-33284FAB2EB7}.Debug|Any CPU.ActiveCfg = Debug|Any CPU
		{1DF8C0F5-05DC-4308-B985-33284FAB2EB7}.Debug|Any CPU.Build.0 = Debug|Any CPU
		{1DF8C0F5-05DC-4308-B985-33284FAB2EB7}.Release|Any CPU.ActiveCfg = Release|Any CPU
		{1DF8C0F5-05DC-4308-B985-33284FAB2EB7}.Release|Any CPU.Build.0 = Release|Any CPU
		{A2490C0A-F714-4DA1-85B8-3A861CD948CE}.Debug|Any CPU.ActiveCfg = Debug|Any CPU
		{A2490C0A-F714-4DA1-85B8-3A861CD948CE}.Debug|Any CPU.Build.0 = Debug|Any CPU
		{A2490C0A-F714-4DA1-85B8-3A861CD948CE}.Release|Any CPU.ActiveCfg = Release|Any CPU
		{A2490C0A-F714-4DA1-85B8-3A861CD948CE}.Release|Any CPU.Build.0 = Release|Any CPU
		{5D2A1565-1DFF-4BDD-BAF3-96DCBD719850}.Debug|Any CPU.ActiveCfg = Debug|Any CPU
		{5D2A1565-1DFF-4BDD-BAF3-96DCBD719850}.Debug|Any CPU.Build.0 = Debug|Any CPU
		{5D2A1565-1DFF-4BDD-BAF3-96DCBD719850}.Release|Any CPU.ActiveCfg = Release|Any CPU
		{5D2A1565-1DFF-4BDD-BAF3-96DCBD719850}.Release|Any CPU.Build.0 = Release|Any CPU
		{BDEF01F4-9132-4320-85D3-1C9585E9A287}.Debug|Any CPU.ActiveCfg = Debug|Any CPU
		{BDEF01F4-9132-4320-85D3-1C9585E9A287}.Debug|Any CPU.Build.0 = Debug|Any CPU
		{BDEF01F4-9132-4320-85D3-1C9585E9A287}.Release|Any CPU.ActiveCfg = Release|Any CPU
		{BDEF01F4-9132-4320-85D3-1C9585E9A287}.Release|Any CPU.Build.0 = Release|Any CPU
	EndGlobalSection
	GlobalSection(SolutionProperties) = preSolution
		HideSolutionNode = FALSE
	EndGlobalSection
	GlobalSection(ExtensibilityGlobals) = postSolution
		SolutionGuid = {639AC606-A2B3-469C-A4BA-DA8DAA38EDF8}
	EndGlobalSection
EndGlobal
